
Microsoft Visual Studio Solution File, Format Version 12.00
# Visual Studio Version 17
VisualStudioVersion = 17.13.35913.81 d17.13
MinimumVisualStudioVersion = 10.0.40219.1
Project("{FAE04EC0-301F-11D3-BF4B-00C04F79EFBC}") = "Track-Availablity", "Track-Availablity.csproj", "{38C5F72B-6AF9-40F2-88FF-6062BF095834}"
EndProject
Global
	GlobalSection(SolutionConfigurationPlatforms) = preSolution
		Debug|Any CPU = Debug|Any CPU
		Release|Any CPU = Release|Any CPU
	EndGlobalSection
	GlobalSection(ProjectConfigurationPlatforms) = postSolution
		{38C5F72B-6AF9-40F2-88FF-6062BF095834}.Debug|Any CPU.ActiveCfg = Debug|Any CPU
		{38C5F72B-6AF9-40F2-88FF-6062BF095834}.Debug|Any CPU.Build.0 = Debug|Any CPU
		{38C5F72B-6AF9-40F2-88FF-6062BF095834}.Release|Any CPU.ActiveCfg = Release|Any CPU
		{38C5F72B-6AF9-40F2-88FF-6062BF095834}.Release|Any CPU.Build.0 = Release|Any CPU
	EndGlobalSection
	GlobalSection(SolutionProperties) = preSolution
		HideSolutionNode = FALSE
	EndGlobalSection
	GlobalSection(ExtensibilityGlobals) = postSolution
		SolutionGuid = {0D77A053-02EB-4562-BAD7-C5AB151FFA89}
	EndGlobalSection
EndGlobal
